# This file is automatically @generated by Cargo.
# It is not intended for manual editing.
version = 3

[[package]]
name = "coord_2d"
version = "0.3.6"
source = "registry+https://github.com/rust-lang/crates.io-index"
checksum = "f1020a2ed8bf43fc850b01db7570c0e4194d3e3d8d806a5f1857d2ab15feec57"

[[package]]
name = "day1a"
version = "0.1.0"
dependencies = [
 "direction",
 "grid_2d",
]

[[package]]
name = "direction"
version = "0.18.1"
source = "registry+https://github.com/rust-lang/crates.io-index"
checksum = "3c56672976b806b6fe8e41998c6d0503cd02479c6059c47451ce8addc7871271"
dependencies = [
 "coord_2d",
]

[[package]]
name = "grid_2d"
version = "0.15.3"
source = "registry+https://github.com/rust-lang/crates.io-index"
checksum = "6dfb23b456edfd3f388df8047a84a367a1168f4606bc21fe1e5dc9606a23689b"
dependencies = [
 "coord_2d",
]
